
Microsoft Visual Studio Solution File, Format Version 12.00
# Visual Studio Version 16
VisualStudioVersion = 16.0.31729.503
MinimumVisualStudioVersion = 10.0.40219.1
Project("{FAE04EC0-301F-11D3-BF4B-00C04F79EFBC}") = "SoundStudio", "SoundStudio\SoundStudio.csproj", "{4D21B0B5-A189-4F37-8342-4807CB136526}"
EndProject
Global
	GlobalSection(SolutionConfigurationPlatforms) = preSolution
		Debug|Any CPU = Debug|Any CPU
		Release|Any CPU = Release|Any CPU
	EndGlobalSection
	GlobalSection(ProjectConfigurationPlatforms) = postSolution
		{4D21B0B5-A189-4F37-8342-4807CB136526}.Debug|Any CPU.ActiveCfg = Debug|Any CPU
		{4D21B0B5-A189-4F37-8342-4807CB136526}.Debug|Any CPU.Build.0 = Debug|Any CPU
		{4D21B0B5-A189-4F37-8342-4807CB136526}.Release|Any CPU.ActiveCfg = Release|Any CPU
		{4D21B0B5-A189-4F37-8342-4807CB136526}.Release|Any CPU.Build.0 = Release|Any CPU
	EndGlobalSection
	GlobalSection(SolutionProperties) = preSolution
		HideSolutionNode = FALSE
	EndGlobalSection
	GlobalSection(ExtensibilityGlobals) = postSolution
		SolutionGuid = {A3989162-1F71-4DF4-9C1D-5A88AE363E32}
	EndGlobalSection
EndGlobal
